// !$*UTF8*$!
{
	archiveVersion = 1;
	classes = {
	};
	objectVersion = 46;
	objects = {

/* Begin PBXBuildFile section */
		9AB801721CE9B12300CEB130 /* LICENSE in Resources */ = {isa = PBXBuildFile; fileRef = 9AB801561CE9B12300CEB130 /* LICENSE */; };
		9AB801731CE9B12300CEB130 /* MASCompositeConstraint.m in Sources */ = {isa = PBXBuildFile; fileRef = 9AB801591CE9B12300CEB130 /* MASCompositeConstraint.m */; };
		9AB801741CE9B12300CEB130 /* MASConstraint.m in Sources */ = {isa = PBXBuildFile; fileRef = 9AB8015C1CE9B12300CEB130 /* MASConstraint.m */; };
		9AB801751CE9B12300CEB130 /* MASConstraintMaker.m in Sources */ = {isa = PBXBuildFile; fileRef = 9AB8015E1CE9B12300CEB130 /* MASConstraintMaker.m */; };
		9AB801761CE9B12300CEB130 /* MASLayoutConstraint.m in Sources */ = {isa = PBXBuildFile; fileRef = 9AB801601CE9B12300CEB130 /* MASLayoutConstraint.m */; };
		9AB801771CE9B12300CEB130 /* MASViewAttribute.m in Sources */ = {isa = PBXBuildFile; fileRef = 9AB801641CE9B12300CEB130 /* MASViewAttribute.m */; };
		9AB801781CE9B12300CEB130 /* MASViewConstraint.m in Sources */ = {isa = PBXBuildFile; fileRef = 9AB801661CE9B12300CEB130 /* MASViewConstraint.m */; };
		9AB801791CE9B12300CEB130 /* NSArray+MASAdditions.m in Sources */ = {isa = PBXBuildFile; fileRef = 9AB801681CE9B12300CEB130 /* NSArray+MASAdditions.m */; };
		9AB8017A1CE9B12300CEB130 /* NSLayoutConstraint+MASDebugAdditions.m in Sources */ = {isa = PBXBuildFile; fileRef = 9AB8016B1CE9B12300CEB130 /* NSLayoutConstraint+MASDebugAdditions.m */; };
		9AB8017B1CE9B12300CEB130 /* View+MASAdditions.m in Sources */ = {isa = PBXBuildFile; fileRef = 9AB8016D1CE9B12300CEB130 /* View+MASAdditions.m */; };
		9AB8017C1CE9B12300CEB130 /* ViewController+MASAdditions.m in Sources */ = {isa = PBXBuildFile; fileRef = 9AB801701CE9B12300CEB130 /* ViewController+MASAdditions.m */; };
		9AB8017D1CE9B12300CEB130 /* README.md in Sources */ = {isa = PBXBuildFile; fileRef = 9AB801711CE9B12300CEB130 /* README.md */; };
		9AE7C68A1CE6E5A7002E4588 /* main.m in Sources */ = {isa = PBXBuildFile; fileRef = 9AE7C6891CE6E5A7002E4588 /* main.m */; };
		9AE7C68D1CE6E5A7002E4588 /* AppDelegate.m in Sources */ = {isa = PBXBuildFile; fileRef = 9AE7C68C1CE6E5A7002E4588 /* AppDelegate.m */; };
		9AE7C6901CE6E5A7002E4588 /* ViewController.m in Sources */ = {isa = PBXBuildFile; fileRef = 9AE7C68F1CE6E5A7002E4588 /* ViewController.m */; };
		9AE7C6931CE6E5A7002E4588 /* Main.storyboard in Resources */ = {isa = PBXBuildFile; fileRef = 9AE7C6911CE6E5A7002E4588 /* Main.storyboard */; };
		9AE7C6951CE6E5A7002E4588 /* Assets.xcassets in Resources */ = {isa = PBXBuildFile; fileRef = 9AE7C6941CE6E5A7002E4588 /* Assets.xcassets */; };
		9AE7C6981CE6E5A7002E4588 /* LaunchScreen.storyboard in Resources */ = {isa = PBXBuildFile; fileRef = 9AE7C6961CE6E5A7002E4588 /* LaunchScreen.storyboard */; };
		9AE7C6A31CE6E5A7002E4588 /* ScrollViewAndTableViewTests.m in Sources */ = {isa = PBXBuildFile; fileRef = 9AE7C6A21CE6E5A7002E4588 /* ScrollViewAndTableViewTests.m */; };
		9AE7C6AE1CE6E5A7002E4588 /* ScrollViewAndTableViewUITests.m in Sources */ = {isa = PBXBuildFile; fileRef = 9AE7C6AD1CE6E5A7002E4588 /* ScrollViewAndTableViewUITests.m */; };
		9AE7C6C01CE6EAB0002E4588 /* PageScrollTableViewsController.m in Sources */ = {isa = PBXBuildFile; fileRef = 9AE7C6BF1CE6EAB0002E4588 /* PageScrollTableViewsController.m */; };
		9AE7C6C31CE6EAF4002E4588 /* PageTableController.m in Sources */ = {isa = PBXBuildFile; fileRef = 9AE7C6C21CE6EAF4002E4588 /* PageTableController.m */; };
		9AE7C6C61CE6EE5B002E4588 /* MenuView.m in Sources */ = {isa = PBXBuildFile; fileRef = 9AE7C6C51CE6EE5B002E4588 /* MenuView.m */; };
		9AE7C6CB1CE6EE78002E4588 /* UIView+WKFFrame.m in Sources */ = {isa = PBXBuildFile; fileRef = 9AE7C6CA1CE6EE78002E4588 /* UIView+WKFFrame.m */; };
/* End PBXBuildFile section */

/* Begin PBXContainerItemProxy section */
		9AE7C69F1CE6E5A7002E4588 /* PBXContainerItemProxy */ = {
			isa = PBXContainerItemProxy;
			containerPortal = 9AE7C67D1CE6E5A7002E4588 /* Project object */;
			proxyType = 1;
			remoteGlobalIDString = 9AE7C6841CE6E5A7002E4588;
			remoteInfo = ScrollViewAndTableView;
		};
		9AE7C6AA1CE6E5A7002E4588 /* PBXContainerItemProxy */ = {
			isa = PBXContainerItemProxy;
			containerPortal = 9AE7C67D1CE6E5A7002E4588 /* Project object */;
			proxyType = 1;
			remoteGlobalIDString = 9AE7C6841CE6E5A7002E4588;
			remoteInfo = ScrollViewAndTableView;
		};
/* End PBXContainerItemProxy section */

/* Begin PBXFileReference section */
		9AB801501CE97A0C00CEB130 /* Common.h */ = {isa = PBXFileReference; lastKnownFileType = sourcecode.c.h; path = Common.h; sourceTree = "<group>"; };
		9AB801561CE9B12300CEB130 /* LICENSE */ = {isa = PBXFileReference; fileEncoding = 4; lastKnownFileType = text; path = LICENSE; sourceTree = "<group>"; };
		9AB801581CE9B12300CEB130 /* MASCompositeConstraint.h */ = {isa = PBXFileReference; fileEncoding = 4; lastKnownFileType = sourcecode.c.h; path = MASCompositeConstraint.h; sourceTree = "<group>"; };
		9AB801591CE9B12300CEB130 /* MASCompositeConstraint.m */ = {isa = PBXFileReference; fileEncoding = 4; lastKnownFileType = sourcecode.c.objc; path = MASCompositeConstraint.m; sourceTree = "<group>"; };
		9AB8015A1CE9B12300CEB130 /* MASConstraint+Private.h */ = {isa = PBXFileReference; fileEncoding = 4; lastKnownFileType = sourcecode.c.h; path = "MASConstraint+Private.h"; sourceTree = "<group>"; };
		9AB8015B1CE9B12300CEB130 /* MASConstraint.h */ = {isa = PBXFileReference; fileEncoding = 4; lastKnownFileType = sourcecode.c.h; path = MASConstraint.h; sourceTree = "<group>"; };
		9AB8015C1CE9B12300CEB130 /* MASConstraint.m */ = {isa = PBXFileReference; fileEncoding = 4; lastKnownFileType = sourcecode.c.objc; path = MASConstraint.m; sourceTree = "<group>"; };
		9AB8015D1CE9B12300CEB130 /* MASConstraintMaker.h */ = {isa = PBXFileReference; fileEncoding = 4; lastKnownFileType = sourcecode.c.h; path = MASConstraintMaker.h; sourceTree = "<group>"; };
		9AB8015E1CE9B12300CEB130 /* MASConstraintMaker.m */ = {isa = PBXFileReference; fileEncoding = 4; lastKnownFileType = sourcecode.c.objc; path = MASConstraintMaker.m; sourceTree = "<group>"; };
		9AB8015F1CE9B12300CEB130 /* MASLayoutConstraint.h */ = {isa = PBXFileReference; fileEncoding = 4; lastKnownFileType = sourcecode.c.h; path = MASLayoutConstraint.h; sourceTree = "<group>"; };
		9AB801601CE9B12300CEB130 /* MASLayoutConstraint.m */ = {isa = PBXFileReference; fileEncoding = 4; lastKnownFileType = sourcecode.c.objc; path = MASLayoutConstraint.m; sourceTree = "<group>"; };
		9AB801611CE9B12300CEB130 /* Masonry.h */ = {isa = PBXFileReference; fileEncoding = 4; lastKnownFileType = sourcecode.c.h; path = Masonry.h; sourceTree = "<group>"; };
		9AB801621CE9B12300CEB130 /* MASUtilities.h */ = {isa = PBXFileReference; fileEncoding = 4; lastKnownFileType = sourcecode.c.h; path = MASUtilities.h; sourceTree = "<group>"; };
		9AB801631CE9B12300CEB130 /* MASViewAttribute.h */ = {isa = PBXFileReference; fileEncoding = 4; lastKnownFileType = sourcecode.c.h; path = MASViewAttribute.h; sourceTree = "<group>"; };
		9AB801641CE9B12300CEB130 /* MASViewAttribute.m */ = {isa = PBXFileReference; fileEncoding = 4; lastKnownFileType = sourcecode.c.objc; path = MASViewAttribute.m; sourceTree = "<group>"; };
		9AB801651CE9B12300CEB130 /* MASViewConstraint.h */ = {isa = PBXFileReference; fileEncoding = 4; lastKnownFileType = sourcecode.c.h; path = MASViewConstraint.h; sourceTree = "<group>"; };
		9AB801661CE9B12300CEB130 /* MASViewConstraint.m */ = {isa = PBXFileReference; fileEncoding = 4; lastKnownFileType = sourcecode.c.objc; path = MASViewConstraint.m; sourceTree = "<group>"; };
		9AB801671CE9B12300CEB130 /* NSArray+MASAdditions.h */ = {isa = PBXFileReference; fileEncoding = 4; lastKnownFileType = sourcecode.c.h; path = "NSArray+MASAdditions.h"; sourceTree = "<group>"; };
		9AB801681CE9B12300CEB130 /* NSArray+MASAdditions.m */ = {isa = PBXFileReference; fileEncoding = 4; lastKnownFileType = sourcecode.c.objc; path = "NSArray+MASAdditions.m"; sourceTree = "<group>"; };
		9AB801691CE9B12300CEB130 /* NSArray+MASShorthandAdditions.h */ = {isa = PBXFileReference; fileEncoding = 4; lastKnownFileType = sourcecode.c.h; path = "NSArray+MASShorthandAdditions.h"; sourceTree = "<group>"; };
		9AB8016A1CE9B12300CEB130 /* NSLayoutConstraint+MASDebugAdditions.h */ = {isa = PBXFileReference; fileEncoding = 4; lastKnownFileType = sourcecode.c.h; path = "NSLayoutConstraint+MASDebugAdditions.h"; sourceTree = "<group>"; };
		9AB8016B1CE9B12300CEB130 /* NSLayoutConstraint+MASDebugAdditions.m */ = {isa = PBXFileReference; fileEncoding = 4; lastKnownFileType = sourcecode.c.objc; path = "NSLayoutConstraint+MASDebugAdditions.m"; sourceTree = "<group>"; };
		9AB8016C1CE9B12300CEB130 /* View+MASAdditions.h */ = {isa = PBXFileReference; fileEncoding = 4; lastKnownFileType = sourcecode.c.h; path = "View+MASAdditions.h"; sourceTree = "<group>"; };
		9AB8016D1CE9B12300CEB130 /* View+MASAdditions.m */ = {isa = PBXFileReference; fileEncoding = 4; lastKnownFileType = sourcecode.c.objc; path = "View+MASAdditions.m"; sourceTree = "<group>"; };
		9AB8016E1CE9B12300CEB130 /* View+MASShorthandAdditions.h */ = {isa = PBXFileReference; fileEncoding = 4; lastKnownFileType = sourcecode.c.h; path = "View+MASShorthandAdditions.h"; sourceTree = "<group>"; };
		9AB8016F1CE9B12300CEB130 /* ViewController+MASAdditions.h */ = {isa = PBXFileReference; fileEncoding = 4; lastKnownFileType = sourcecode.c.h; path = "ViewController+MASAdditions.h"; sourceTree = "<group>"; };
		9AB801701CE9B12300CEB130 /* ViewController+MASAdditions.m */ = {isa = PBXFileReference; fileEncoding = 4; lastKnownFileType = sourcecode.c.objc; path = "ViewController+MASAdditions.m"; sourceTree = "<group>"; };
		9AB801711CE9B12300CEB130 /* README.md */ = {isa = PBXFileReference; fileEncoding = 4; lastKnownFileType = net.daringfireball.markdown; path = README.md; sourceTree = "<group>"; };
		9AE7C6851CE6E5A7002E4588 /* ScrollViewAndTableView.app */ = {isa = PBXFileReference; explicitFileType = wrapper.application; includeInIndex = 0; path = ScrollViewAndTableView.app; sourceTree = BUILT_PRODUCTS_DIR; };
		9AE7C6891CE6E5A7002E4588 /* main.m */ = {isa = PBXFileReference; lastKnownFileType = sourcecode.c.objc; path = main.m; sourceTree = "<group>"; };
		9AE7C68B1CE6E5A7002E4588 /* AppDelegate.h */ = {isa = PBXFileReference; lastKnownFileType = sourcecode.c.h; path = AppDelegate.h; sourceTree = "<group>"; };
		9AE7C68C1CE6E5A7002E4588 /* AppDelegate.m */ = {isa = PBXFileReference; lastKnownFileType = sourcecode.c.objc; path = AppDelegate.m; sourceTree = "<group>"; };
		9AE7C68E1CE6E5A7002E4588 /* ViewController.h */ = {isa = PBXFileReference; lastKnownFileType = sourcecode.c.h; path = ViewController.h; sourceTree = "<group>"; };
		9AE7C68F1CE6E5A7002E4588 /* ViewController.m */ = {isa = PBXFileReference; lastKnownFileType = sourcecode.c.objc; path = ViewController.m; sourceTree = "<group>"; };
		9AE7C6921CE6E5A7002E4588 /* Base */ = {isa = PBXFileReference; lastKnownFileType = file.storyboard; name = Base; path = Base.lproj/Main.storyboard; sourceTree = "<group>"; };
		9AE7C6941CE6E5A7002E4588 /* Assets.xcassets */ = {isa = PBXFileReference; lastKnownFileType = folder.assetcatalog; path = Assets.xcassets; sourceTree = "<group>"; };
		9AE7C6971CE6E5A7002E4588 /* Base */ = {isa = PBXFileReference; lastKnownFileType = file.storyboard; name = Base; path = Base.lproj/LaunchScreen.storyboard; sourceTree = "<group>"; };
		9AE7C6991CE6E5A7002E4588 /* Info.plist */ = {isa = PBXFileReference; lastKnownFileType = text.plist.xml; path = Info.plist; sourceTree = "<group>"; };
		9AE7C69E1CE6E5A7002E4588 /* ScrollViewAndTableViewTests.xctest */ = {isa = PBXFileReference; explicitFileType = wrapper.cfbundle; includeInIndex = 0; path = ScrollViewAndTableViewTests.xctest; sourceTree = BUILT_PRODUCTS_DIR; };
		9AE7C6A21CE6E5A7002E4588 /* ScrollViewAndTableViewTests.m */ = {isa = PBXFileReference; lastKnownFileType = sourcecode.c.objc; path = ScrollViewAndTableViewTests.m; sourceTree = "<group>"; };
		9AE7C6A41CE6E5A7002E4588 /* Info.plist */ = {isa = PBXFileReference; lastKnownFileType = text.plist.xml; path = Info.plist; sourceTree = "<group>"; };
		9AE7C6A91CE6E5A7002E4588 /* ScrollViewAndTableViewUITests.xctest */ = {isa = PBXFileReference; explicitFileType = wrapper.cfbundle; includeInIndex = 0; path = ScrollViewAndTableViewUITests.xctest; sourceTree = BUILT_PRODUCTS_DIR; };
		9AE7C6AD1CE6E5A7002E4588 /* ScrollViewAndTableViewUITests.m */ = {isa = PBXFileReference; lastKnownFileType = sourcecode.c.objc; path = ScrollViewAndTableViewUITests.m; sourceTree = "<group>"; };
		9AE7C6AF1CE6E5A7002E4588 /* Info.plist */ = {isa = PBXFileReference; lastKnownFileType = text.plist.xml; path = Info.plist; sourceTree = "<group>"; };
		9AE7C6BE1CE6EAB0002E4588 /* PageScrollTableViewsController.h */ = {isa = PBXFileReference; fileEncoding = 4; lastKnownFileType = sourcecode.c.h; path = PageScrollTableViewsController.h; sourceTree = "<group>"; };
		9AE7C6BF1CE6EAB0002E4588 /* PageScrollTableViewsController.m */ = {isa = PBXFileReference; fileEncoding = 4; lastKnownFileType = sourcecode.c.objc; path = PageScrollTableViewsController.m; sourceTree = "<group>"; };
		9AE7C6C11CE6EAF4002E4588 /* PageTableController.h */ = {isa = PBXFileReference; fileEncoding = 4; lastKnownFileType = sourcecode.c.h; path = PageTableController.h; sourceTree = "<group>"; };
		9AE7C6C21CE6EAF4002E4588 /* PageTableController.m */ = {isa = PBXFileReference; fileEncoding = 4; lastKnownFileType = sourcecode.c.objc; path = PageTableController.m; sourceTree = "<group>"; };
		9AE7C6C41CE6EE5B002E4588 /* MenuView.h */ = {isa = PBXFileReference; fileEncoding = 4; lastKnownFileType = sourcecode.c.h; path = MenuView.h; sourceTree = "<group>"; };
		9AE7C6C51CE6EE5B002E4588 /* MenuView.m */ = {isa = PBXFileReference; fileEncoding = 4; lastKnownFileType = sourcecode.c.objc; path = MenuView.m; sourceTree = "<group>"; };
		9AE7C6C91CE6EE78002E4588 /* UIView+WKFFrame.h */ = {isa = PBXFileReference; fileEncoding = 4; lastKnownFileType = sourcecode.c.h; path = "UIView+WKFFrame.h"; sourceTree = "<group>"; };
		9AE7C6CA1CE6EE78002E4588 /* UIView+WKFFrame.m */ = {isa = PBXFileReference; fileEncoding = 4; lastKnownFileType = sourcecode.c.objc; path = "UIView+WKFFrame.m"; sourceTree = "<group>"; };
/* End PBXFileReference section */

/* Begin PBXFrameworksBuildPhase section */
		9AE7C6821CE6E5A7002E4588 /* Frameworks */ = {
			isa = PBXFrameworksBuildPhase;
			buildActionMask = 2147483647;
			files = (
			);
			runOnlyForDeploymentPostprocessing = 0;
		};
		9AE7C69B1CE6E5A7002E4588 /* Frameworks */ = {
			isa = PBXFrameworksBuildPhase;
			buildActionMask = 2147483647;
			files = (
			);
			runOnlyForDeploymentPostprocessing = 0;
		};
		9AE7C6A61CE6E5A7002E4588 /* Frameworks */ = {
			isa = PBXFrameworksBuildPhase;
			buildActionMask = 2147483647;
			files = (
			);
			runOnlyForDeploymentPostprocessing = 0;
		};
/* End PBXFrameworksBuildPhase section */

/* Begin PBXGroup section */
		9AB801541CE9B10B00CEB130 /* Lib */ = {
			isa = PBXGroup;
			children = (
				9AB801551CE9B12300CEB130 /* Masonry */,
			);
			path = Lib;
			sourceTree = "<group>";
		};
		9AB801551CE9B12300CEB130 /* Masonry */ = {
			isa = PBXGroup;
			children = (
				9AB801561CE9B12300CEB130 /* LICENSE */,
				9AB801571CE9B12300CEB130 /* Masonry */,
				9AB801711CE9B12300CEB130 /* README.md */,
			);
			path = Masonry;
			sourceTree = "<group>";
		};
		9AB801571CE9B12300CEB130 /* Masonry */ = {
			isa = PBXGroup;
			children = (
				9AB801581CE9B12300CEB130 /* MASCompositeConstraint.h */,
				9AB801591CE9B12300CEB130 /* MASCompositeConstraint.m */,
				9AB8015A1CE9B12300CEB130 /* MASConstraint+Private.h */,
				9AB8015B1CE9B12300CEB130 /* MASConstraint.h */,
				9AB8015C1CE9B12300CEB130 /* MASConstraint.m */,
				9AB8015D1CE9B12300CEB130 /* MASConstraintMaker.h */,
				9AB8015E1CE9B12300CEB130 /* MASConstraintMaker.m */,
				9AB8015F1CE9B12300CEB130 /* MASLayoutConstraint.h */,
				9AB801601CE9B12300CEB130 /* MASLayoutConstraint.m */,
				9AB801611CE9B12300CEB130 /* Masonry.h */,
				9AB801621CE9B12300CEB130 /* MASUtilities.h */,
				9AB801631CE9B12300CEB130 /* MASViewAttribute.h */,
				9AB801641CE9B12300CEB130 /* MASViewAttribute.m */,
				9AB801651CE9B12300CEB130 /* MASViewConstraint.h */,
				9AB801661CE9B12300CEB130 /* MASViewConstraint.m */,
				9AB801671CE9B12300CEB130 /* NSArray+MASAdditions.h */,
				9AB801681CE9B12300CEB130 /* NSArray+MASAdditions.m */,
				9AB801691CE9B12300CEB130 /* NSArray+MASShorthandAdditions.h */,
				9AB8016A1CE9B12300CEB130 /* NSLayoutConstraint+MASDebugAdditions.h */,
				9AB8016B1CE9B12300CEB130 /* NSLayoutConstraint+MASDebugAdditions.m */,
				9AB8016C1CE9B12300CEB130 /* View+MASAdditions.h */,
				9AB8016D1CE9B12300CEB130 /* View+MASAdditions.m */,
				9AB8016E1CE9B12300CEB130 /* View+MASShorthandAdditions.h */,
				9AB8016F1CE9B12300CEB130 /* ViewController+MASAdditions.h */,
				9AB801701CE9B12300CEB130 /* ViewController+MASAdditions.m */,
			);
			path = Masonry;
			sourceTree = "<group>";
		};
		9AE7C67C1CE6E5A7002E4588 = {
			isa = PBXGroup;
			children = (
				9AE7C6871CE6E5A7002E4588 /* ScrollViewAndTableView */,
				9AE7C6A11CE6E5A7002E4588 /* ScrollViewAndTableViewTests */,
				9AE7C6AC1CE6E5A7002E4588 /* ScrollViewAndTableViewUITests */,
				9AE7C6861CE6E5A7002E4588 /* Products */,
			);
			sourceTree = "<group>";
		};
		9AE7C6861CE6E5A7002E4588 /* Products */ = {
			isa = PBXGroup;
			children = (
				9AE7C6851CE6E5A7002E4588 /* ScrollViewAndTableView.app */,
				9AE7C69E1CE6E5A7002E4588 /* ScrollViewAndTableViewTests.xctest */,
				9AE7C6A91CE6E5A7002E4588 /* ScrollViewAndTableViewUITests.xctest */,
			);
			name = Products;
			sourceTree = "<group>";
		};
		9AE7C6871CE6E5A7002E4588 /* ScrollViewAndTableView */ = {
			isa = PBXGroup;
			children = (
				9AB801541CE9B10B00CEB130 /* Lib */,
				9AE7C6C81CE6EE78002E4588 /* Category */,
				9AE7C6BD1CE6E5FF002E4588 /* Common */,
				9AE7C6BC1CE6E5E8002E4588 /* Views */,
				9AE7C6BB1CE6E5C2002E4588 /* Controller */,
				9AE7C68B1CE6E5A7002E4588 /* AppDelegate.h */,
				9AE7C68C1CE6E5A7002E4588 /* AppDelegate.m */,
				9AE7C68E1CE6E5A7002E4588 /* ViewController.h */,
				9AE7C68F1CE6E5A7002E4588 /* ViewController.m */,
				9AE7C6911CE6E5A7002E4588 /* Main.storyboard */,
				9AE7C6941CE6E5A7002E4588 /* Assets.xcassets */,
				9AE7C6961CE6E5A7002E4588 /* LaunchScreen.storyboard */,
				9AE7C6991CE6E5A7002E4588 /* Info.plist */,
				9AE7C6881CE6E5A7002E4588 /* Supporting Files */,
			);
			path = ScrollViewAndTableView;
			sourceTree = "<group>";
		};
		9AE7C6881CE6E5A7002E4588 /* Supporting Files */ = {
			isa = PBXGroup;
			children = (
				9AE7C6891CE6E5A7002E4588 /* main.m */,
			);
			name = "Supporting Files";
			sourceTree = "<group>";
		};
		9AE7C6A11CE6E5A7002E4588 /* ScrollViewAndTableViewTests */ = {
			isa = PBXGroup;
			children = (
				9AE7C6A21CE6E5A7002E4588 /* ScrollViewAndTableViewTests.m */,
				9AE7C6A41CE6E5A7002E4588 /* Info.plist */,
			);
			path = ScrollViewAndTableViewTests;
			sourceTree = "<group>";
		};
		9AE7C6AC1CE6E5A7002E4588 /* ScrollViewAndTableViewUITests */ = {
			isa = PBXGroup;
			children = (
				9AE7C6AD1CE6E5A7002E4588 /* ScrollViewAndTableViewUITests.m */,
				9AE7C6AF1CE6E5A7002E4588 /* Info.plist */,
			);
			path = ScrollViewAndTableViewUITests;
			sourceTree = "<group>";
		};
		9AE7C6BB1CE6E5C2002E4588 /* Controller */ = {
			isa = PBXGroup;
			children = (
				9AE7C6BE1CE6EAB0002E4588 /* PageScrollTableViewsController.h */,
				9AE7C6BF1CE6EAB0002E4588 /* PageScrollTableViewsController.m */,
				9AE7C6C11CE6EAF4002E4588 /* PageTableController.h */,
				9AE7C6C21CE6EAF4002E4588 /* PageTableController.m */,
			);
			path = Controller;
			sourceTree = "<group>";
		};
		9AE7C6BC1CE6E5E8002E4588 /* Views */ = {
			isa = PBXGroup;
			children = (
				9AE7C6C41CE6EE5B002E4588 /* MenuView.h */,
				9AE7C6C51CE6EE5B002E4588 /* MenuView.m */,
			);
			path = Views;
			sourceTree = "<group>";
		};
		9AE7C6BD1CE6E5FF002E4588 /* Common */ = {
			isa = PBXGroup;
			children = (
				9AB801501CE97A0C00CEB130 /* Common.h */,
			);
			path = Common;
			sourceTree = "<group>";
		};
		9AE7C6C81CE6EE78002E4588 /* Category */ = {
			isa = PBXGroup;
			children = (
				9AE7C6C91CE6EE78002E4588 /* UIView+WKFFrame.h */,
				9AE7C6CA1CE6EE78002E4588 /* UIView+WKFFrame.m */,
			);
			path = Category;
			sourceTree = "<group>";
		};
/* End PBXGroup section */

/* Begin PBXNativeTarget section */
		9AE7C6841CE6E5A7002E4588 /* ScrollViewAndTableView */ = {
			isa = PBXNativeTarget;
			buildConfigurationList = 9AE7C6B21CE6E5A7002E4588 /* Build configuration list for PBXNativeTarget "ScrollViewAndTableView" */;
			buildPhases = (
				9AE7C6811CE6E5A7002E4588 /* Sources */,
				9AE7C6821CE6E5A7002E4588 /* Frameworks */,
				9AE7C6831CE6E5A7002E4588 /* Resources */,
			);
			buildRules = (
			);
			dependencies = (
			);
			name = ScrollViewAndTableView;
			productName = ScrollViewAndTableView;
			productReference = 9AE7C6851CE6E5A7002E4588 /* ScrollViewAndTableView.app */;
			productType = "com.apple.product-type.application";
		};
		9AE7C69D1CE6E5A7002E4588 /* ScrollViewAndTableViewTests */ = {
			isa = PBXNativeTarget;
			buildConfigurationList = 9AE7C6B51CE6E5A7002E4588 /* Build configuration list for PBXNativeTarget "ScrollViewAndTableViewTests" */;
			buildPhases = (
				9AE7C69A1CE6E5A7002E4588 /* Sources */,
				9AE7C69B1CE6E5A7002E4588 /* Frameworks */,
				9AE7C69C1CE6E5A7002E4588 /* Resources */,
			);
			buildRules = (
			);
			dependencies = (
				9AE7C6A01CE6E5A7002E4588 /* PBXTargetDependency */,
			);
			name = ScrollViewAndTableViewTests;
			productName = ScrollViewAndTableViewTests;
			productReference = 9AE7C69E1CE6E5A7002E4588 /* ScrollViewAndTableViewTests.xctest */;
			productType = "com.apple.product-type.bundle.unit-test";
		};
		9AE7C6A81CE6E5A7002E4588 /* ScrollViewAndTableViewUITests */ = {
			isa = PBXNativeTarget;
			buildConfigurationList = 9AE7C6B81CE6E5A7002E4588 /* Build configuration list for PBXNativeTarget "ScrollViewAndTableViewUITests" */;
			buildPhases = (
				9AE7C6A51CE6E5A7002E4588 /* Sources */,
				9AE7C6A61CE6E5A7002E4588 /* Frameworks */,
				9AE7C6A71CE6E5A7002E4588 /* Resources */,
			);
			buildRules = (
			);
			dependencies = (
				9AE7C6AB1CE6E5A7002E4588 /* PBXTargetDependency */,
			);
			name = ScrollViewAndTableViewUITests;
			productName = ScrollViewAndTableViewUITests;
			productReference = 9AE7C6A91CE6E5A7002E4588 /* ScrollViewAndTableViewUITests.xctest */;
			productType = "com.apple.product-type.bundle.ui-testing";
		};
/* End PBXNativeTarget section */

/* Begin PBXProject section */
		9AE7C67D1CE6E5A7002E4588 /* Project object */ = {
			isa = PBXProject;
			attributes = {
				LastUpgradeCheck = 0730;
				ORGANIZATIONNAME = fantasy;
				TargetAttributes = {
					9AE7C6841CE6E5A7002E4588 = {
						CreatedOnToolsVersion = 7.3;
					};
					9AE7C69D1CE6E5A7002E4588 = {
						CreatedOnToolsVersion = 7.3;
						TestTargetID = 9AE7C6841CE6E5A7002E4588;
					};
					9AE7C6A81CE6E5A7002E4588 = {
						CreatedOnToolsVersion = 7.3;
						TestTargetID = 9AE7C6841CE6E5A7002E4588;
					};
				};
			};
			buildConfigurationList = 9AE7C6801CE6E5A7002E4588 /* Build configuration list for PBXProject "ScrollViewAndTableView" */;
			compatibilityVersion = "Xcode 3.2";
			developmentRegion = English;
			hasScannedForEncodings = 0;
			knownRegions = (
				en,
				Base,
			);
			mainGroup = 9AE7C67C1CE6E5A7002E4588;
			productRefGroup = 9AE7C6861CE6E5A7002E4588 /* Products */;
			projectDirPath = "";
			projectRoot = "";
			targets = (
				9AE7C6841CE6E5A7002E4588 /* ScrollViewAndTableView */,
				9AE7C69D1CE6E5A7002E4588 /* ScrollViewAndTableViewTests */,
				9AE7C6A81CE6E5A7002E4588 /* ScrollViewAndTableViewUITests */,
			);
		};
/* End PBXProject section */

/* Begin PBXResourcesBuildPhase section */
		9AE7C6831CE6E5A7002E4588 /* Resources */ = {
			isa = PBXResourcesBuildPhase;
			buildActionMask = 2147483647;
			files = (
				9AE7C6981CE6E5A7002E4588 /* LaunchScreen.storyboard in Resources */,
				9AE7C6951CE6E5A7002E4588 /* Assets.xcassets in Resources */,
				9AB801721CE9B12300CEB130 /* LICENSE in Resources */,
				9AE7C6931CE6E5A7002E4588 /* Main.storyboard in Resources */,
			);
			runOnlyForDeploymentPostprocessing = 0;
		};
		9AE7C69C1CE6E5A7002E4588 /* Resources */ = {
			isa = PBXResourcesBuildPhase;
			buildActionMask = 2147483647;
			files = (
			);
			runOnlyForDeploymentPostprocessing = 0;
		};
		9AE7C6A71CE6E5A7002E4588 /* Resources */ = {
			isa = PBXResourcesBuildPhase;
			buildActionMask = 2147483647;
			files = (
			);
			runOnlyForDeploymentPostprocessing = 0;
		};
/* End PBXResourcesBuildPhase section */

/* Begin PBXSourcesBuildPhase section */
		9AE7C6811CE6E5A7002E4588 /* Sources */ = {
			isa = PBXSourcesBuildPhase;
			buildActionMask = 2147483647;
			files = (
				9AB801791CE9B12300CEB130 /* NSArray+MASAdditions.m in Sources */,
				9AB801781CE9B12300CEB130 /* MASViewConstraint.m in Sources */,
				9AE7C6901CE6E5A7002E4588 /* ViewController.m in Sources */,
				9AB801751CE9B12300CEB130 /* MASConstraintMaker.m in Sources */,
				9AB8017B1CE9B12300CEB130 /* View+MASAdditions.m in Sources */,
				9AE7C6C31CE6EAF4002E4588 /* PageTableController.m in Sources */,
				9AB8017D1CE9B12300CEB130 /* README.md in Sources */,
				9AB801741CE9B12300CEB130 /* MASConstraint.m in Sources */,
				9AE7C68D1CE6E5A7002E4588 /* AppDelegate.m in Sources */,
				9AB801771CE9B12300CEB130 /* MASViewAttribute.m in Sources */,
				9AB8017A1CE9B12300CEB130 /* NSLayoutConstraint+MASDebugAdditions.m in Sources */,
				9AE7C6CB1CE6EE78002E4588 /* UIView+WKFFrame.m in Sources */,
				9AB801731CE9B12300CEB130 /* MASCompositeConstraint.m in Sources */,
				9AB801761CE9B12300CEB130 /* MASLayoutConstraint.m in Sources */,
				9AE7C6C01CE6EAB0002E4588 /* PageScrollTableViewsController.m in Sources */,
				9AE7C68A1CE6E5A7002E4588 /* main.m in Sources */,
				9AB8017C1CE9B12300CEB130 /* ViewController+MASAdditions.m in Sources */,
				9AE7C6C61CE6EE5B002E4588 /* MenuView.m in Sources */,
			);
			runOnlyForDeploymentPostprocessing = 0;
		};
		9AE7C69A1CE6E5A7002E4588 /* Sources */ = {
			isa = PBXSourcesBuildPhase;
			buildActionMask = 2147483647;
			files = (
				9AE7C6A31CE6E5A7002E4588 /* ScrollViewAndTableViewTests.m in Sources */,
			);
			runOnlyForDeploymentPostprocessing = 0;
		};
		9AE7C6A51CE6E5A7002E4588 /* Sources */ = {
			isa = PBXSourcesBuildPhase;
			buildActionMask = 2147483647;
			files = (
				9AE7C6AE1CE6E5A7002E4588 /* ScrollViewAndTableViewUITests.m in Sources */,
			);
			runOnlyForDeploymentPostprocessing = 0;
		};
/* End PBXSourcesBuildPhase section */

/* Begin PBXTargetDependency section */
		9AE7C6A01CE6E5A7002E4588 /* PBXTargetDependency */ = {
			isa = PBXTargetDependency;
			target = 9AE7C6841CE6E5A7002E4588 /* ScrollViewAndTableView */;
			targetProxy = 9AE7C69F1CE6E5A7002E4588 /* PBXContainerItemProxy */;
		};
		9AE7C6AB1CE6E5A7002E4588 /* PBXTargetDependency */ = {
			isa = PBXTargetDependency;
			target = 9AE7C6841CE6E5A7002E4588 /* ScrollViewAndTableView */;
			targetProxy = 9AE7C6AA1CE6E5A7002E4588 /* PBXContainerItemProxy */;
		};
/* End PBXTargetDependency section */

/* Begin PBXVariantGroup section */
		9AE7C6911CE6E5A7002E4588 /* Main.storyboard */ = {
			isa = PBXVariantGroup;
			children = (
				9AE7C6921CE6E5A7002E4588 /* Base */,
			);
			name = Main.storyboard;
			sourceTree = "<group>";
		};
		9AE7C6961CE6E5A7002E4588 /* LaunchScreen.storyboard */ = {
			isa = PBXVariantGroup;
			children = (
				9AE7C6971CE6E5A7002E4588 /* Base */,
			);
			name = LaunchScreen.storyboard;
			sourceTree = "<group>";
		};
/* End PBXVariantGroup section */

/* Begin XCBuildConfiguration section */
		9AE7C6B01CE6E5A7002E4588 /* Debug */ = {
			isa = XCBuildConfiguration;
			buildSettings = {
				ALWAYS_SEARCH_USER_PATHS = NO;
				CLANG_ANALYZER_NONNULL = YES;
				CLANG_CXX_LANGUAGE_STANDARD = "gnu++0x";
				CLANG_CXX_LIBRARY = "libc++";
				CLANG_ENABLE_MODULES = YES;
				CLANG_ENABLE_OBJC_ARC = YES;
				CLANG_WARN_BOOL_CONVERSION = YES;
				CLANG_WARN_CONSTANT_CONVERSION = YES;
				CLANG_WARN_DIRECT_OBJC_ISA_USAGE = YES_ERROR;
				CLANG_WARN_EMPTY_BODY = YES;
				CLANG_WARN_ENUM_CONVERSION = YES;
				CLANG_WARN_INT_CONVERSION = YES;
				CLANG_WARN_OBJC_ROOT_CLASS = YES_ERROR;
				CLANG_WARN_UNREACHABLE_CODE = YES;
				CLANG_WARN__DUPLICATE_METHOD_MATCH = YES;
				"CODE_SIGN_IDENTITY[sdk=iphoneos*]" = "iPhone Developer";
				COPY_PHASE_STRIP = NO;
				DEBUG_INFORMATION_FORMAT = dwarf;
				ENABLE_STRICT_OBJC_MSGSEND = YES;
				ENABLE_TESTABILITY = YES;
				GCC_C_LANGUAGE_STANDARD = gnu99;
				GCC_DYNAMIC_NO_PIC = NO;
				GCC_NO_COMMON_BLOCKS = YES;
				GCC_OPTIMIZATION_LEVEL = 0;
				GCC_PREPROCESSOR_DEFINITIONS = (
					"DEBUG=1",
					"$(inherited)",
				);
				GCC_WARN_64_TO_32_BIT_CONVERSION = YES;
				GCC_WARN_ABOUT_RETURN_TYPE = YES_ERROR;
				GCC_WARN_UNDECLARED_SELECTOR = YES;
				GCC_WARN_UNINITIALIZED_AUTOS = YES_AGGRESSIVE;
				GCC_WARN_UNUSED_FUNCTION = YES;
				GCC_WARN_UNUSED_VARIABLE = YES;
				IPHONEOS_DEPLOYMENT_TARGET = 9.3;
				MTL_ENABLE_DEBUG_INFO = YES;
				ONLY_ACTIVE_ARCH = YES;
				SDKROOT = iphoneos;
				TARGETED_DEVICE_FAMILY = "1,2";
			};
			name = Debug;
		};
		9AE7C6B11CE6E5A7002E4588 /* Release */ = {
			isa = XCBuildConfiguration;
			buildSettings = {
				ALWAYS_SEARCH_USER_PATHS = NO;
				CLANG_ANALYZER_NONNULL = YES;
				CLANG_CXX_LANGUAGE_STANDARD = "gnu++0x";
				CLANG_CXX_LIBRARY = "libc++";
				CLANG_ENABLE_MODULES = YES;
				CLANG_ENABLE_OBJC_ARC = YES;
				CLANG_WARN_BOOL_CONVERSION = YES;
				CLANG_WARN_CONSTANT_CONVERSION = YES;
				CLANG_WARN_DIRECT_OBJC_ISA_USAGE = YES_ERROR;
				CLANG_WARN_EMPTY_BODY = YES;
				CLANG_WARN_ENUM_CONVERSION = YES;
				CLANG_WARN_INT_CONVERSION = YES;
				CLANG_WARN_OBJC_ROOT_CLASS = YES_ERROR;
				CLANG_WARN_UNREACHABLE_CODE = YES;
				CLANG_WARN__DUPLICATE_METHOD_MATCH = YES;
				"CODE_SIGN_IDENTITY[sdk=iphoneos*]" = "iPhone Developer";
				COPY_PHASE_STRIP = NO;
				DEBUG_INFORMATION_FORMAT = "dwarf-with-dsym";
				ENABLE_NS_ASSERTIONS = NO;
				ENABLE_STRICT_OBJC_MSGSEND = YES;
				GCC_C_LANGUAGE_STANDARD = gnu99;
				GCC_NO_COMMON_BLOCKS = YES;
				GCC_WARN_64_TO_32_BIT_CONVERSION = YES;
				GCC_WARN_ABOUT_RETURN_TYPE = YES_ERROR;
				GCC_WARN_UNDECLARED_SELECTOR = YES;
				GCC_WARN_UNINITIALIZED_AUTOS = YES_AGGRESSIVE;
				GCC_WARN_UNUSED_FUNCTION = YES;
				GCC_WARN_UNUSED_VARIABLE = YES;
				IPHONEOS_DEPLOYMENT_TARGET = 9.3;
				MTL_ENABLE_DEBUG_INFO = NO;
				SDKROOT = iphoneos;
				TARGETED_DEVICE_FAMILY = "1,2";
				VALIDATE_PRODUCT = YES;
			};
			name = Release;
		};
		9AE7C6B31CE6E5A7002E4588 /* Debug */ = {
			isa = XCBuildConfiguration;
			buildSettings = {
				ASSETCATALOG_COMPILER_APPICON_NAME = AppIcon;
				INFOPLIST_FILE = ScrollViewAndTableView/Info.plist;
				LD_RUNPATH_SEARCH_PATHS = "$(inherited) @executable_path/Frameworks";
				PRODUCT_BUNDLE_IDENTIFIER = "--fantasy--.ScrollViewAndTableView";
				PRODUCT_NAME = "$(TARGET_NAME)";
			};
			name = Debug;
		};
		9AE7C6B41CE6E5A7002E4588 /* Release */ = {
			isa = XCBuildConfiguration;
			buildSettings = {
				ASSETCATALOG_COMPILER_APPICON_NAME = AppIcon;
				INFOPLIST_FILE = ScrollViewAndTableView/Info.plist;
				LD_RUNPATH_SEARCH_PATHS = "$(inherited) @executable_path/Frameworks";
				PRODUCT_BUNDLE_IDENTIFIER = "--fantasy--.ScrollViewAndTableView";
				PRODUCT_NAME = "$(TARGET_NAME)";
			};
			name = Release;
		};
		9AE7C6B61CE6E5A7002E4588 /* Debug */ = {
			isa = XCBuildConfiguration;
			buildSettings = {
				BUNDLE_LOADER = "$(TEST_HOST)";
				INFOPLIST_FILE = ScrollViewAndTableViewTests/Info.plist;
				LD_RUNPATH_SEARCH_PATHS = "$(inherited) @executable_path/Frameworks @loader_path/Frameworks";
				PRODUCT_BUNDLE_IDENTIFIER = "--fantasy--.ScrollViewAndTableViewTests";
				PRODUCT_NAME = "$(TARGET_NAME)";
				TEST_HOST = "$(BUILT_PRODUCTS_DIR)/ScrollViewAndTableView.app/ScrollViewAndTableView";
			};
			name = Debug;
		};
		9AE7C6B71CE6E5A7002E4588 /* Release */ = {
			isa = XCBuildConfiguration;
			buildSettings = {
				BUNDLE_LOADER = "$(TEST_HOST)";
				INFOPLIST_FILE = ScrollViewAndTableViewTests/Info.plist;
				LD_RUNPATH_SEARCH_PATHS = "$(inherited) @executable_path/Frameworks @loader_path/Frameworks";
				PRODUCT_BUNDLE_IDENTIFIER = "--fantasy--.ScrollViewAndTableViewTests";
				PRODUCT_NAME = "$(TARGET_NAME)";
				TEST_HOST = "$(BUILT_PRODUCTS_DIR)/ScrollViewAndTableView.app/ScrollViewAndTableView";
			};
			name = Release;
		};
		9AE7C6B91CE6E5A7002E4588 /* Debug */ = {
			isa = XCBuildConfiguration;
			buildSettings = {
				INFOPLIST_FILE = ScrollViewAndTableViewUITests/Info.plist;
				LD_RUNPATH_SEARCH_PATHS = "$(inherited) @executable_path/Frameworks @loader_path/Frameworks";
				PRODUCT_BUNDLE_IDENTIFIER = "--fantasy--.ScrollViewAndTableViewUITests";
				PRODUCT_NAME = "$(TARGET_NAME)";
				TEST_TARGET_NAME = ScrollViewAndTableView;
			};
			name = Debug;
		};
		9AE7C6BA1CE6E5A7002E4588 /* Release */ = {
			isa = XCBuildConfiguration;
			buildSettings = {
				INFOPLIST_FILE = ScrollViewAndTableViewUITests/Info.plist;
				LD_RUNPATH_SEARCH_PATHS = "$(inherited) @executable_path/Frameworks @loader_path/Frameworks";
				PRODUCT_BUNDLE_IDENTIFIER = "--fantasy--.ScrollViewAndTableViewUITests";
				PRODUCT_NAME = "$(TARGET_NAME)";
				TEST_TARGET_NAME = ScrollViewAndTableView;
			};
			name = Release;
		};
/* End XCBuildConfiguration section */

/* Begin XCConfigurationList section */
		9AE7C6801CE6E5A7002E4588 /* Build configuration list for PBXProject "ScrollViewAndTableView" */ = {
			isa = XCConfigurationList;
			buildConfigurations = (
				9AE7C6B01CE6E5A7002E4588 /* Debug */,
				9AE7C6B11CE6E5A7002E4588 /* Release */,
			);
			defaultConfigurationIsVisible = 0;
			defaultConfigurationName = Release;
		};
		9AE7C6B21CE6E5A7002E4588 /* Build configuration list for PBXNativeTarget "ScrollViewAndTableView" */ = {
			isa = XCConfigurationList;
			buildConfigurations = (
				9AE7C6B31CE6E5A7002E4588 /* Debug */,
				9AE7C6B41CE6E5A7002E4588 /* Release */,
			);
			defaultConfigurationIsVisible = 0;
			defaultConfigurationName = Release;
		};
		9AE7C6B51CE6E5A7002E4588 /* Build configuration list for PBXNativeTarget "ScrollViewAndTableViewTests" */ = {
			isa = XCConfigurationList;
			buildConfigurations = (
				9AE7C6B61CE6E5A7002E4588 /* Debug */,
				9AE7C6B71CE6E5A7002E4588 /* Release */,
			);
			defaultConfigurationIsVisible = 0;
			defaultConfigurationName = Release;
		};
		9AE7C6B81CE6E5A7002E4588 /* Build configuration list for PBXNativeTarget "ScrollViewAndTableViewUITests" */ = {
			isa = XCConfigurationList;
			buildConfigurations = (
				9AE7C6B91CE6E5A7002E4588 /* Debug */,
				9AE7C6BA1CE6E5A7002E4588 /* Release */,
			);
			defaultConfigurationIsVisible = 0;
			defaultConfigurationName = Release;
		};
/* End XCConfigurationList section */
	};
	rootObject = 9AE7C67D1CE6E5A7002E4588 /* Project object */;
}
